// !$*UTF8*$!
{
	archiveVersion = 1;
	classes = {
	};
	objectVersion = 56;
	objects = {

/* Begin PBXBuildFile section */
		7B6EB2E3893E8A2A94128E96 /* Pods_CryptoRxSwift.framework in Frameworks */ = {isa = PBXBuildFile; fileRef = 3607B50FFC645EEA5F84F597 /* Pods_CryptoRxSwift.framework */; };
		FC18EE15294F3723006589A0 /* AppDelegate.swift in Sources */ = {isa = PBXBuildFile; fileRef = FC18EE14294F3723006589A0 /* AppDelegate.swift */; };
		FC18EE17294F3723006589A0 /* SceneDelegate.swift in Sources */ = {isa = PBXBuildFile; fileRef = FC18EE16294F3723006589A0 /* SceneDelegate.swift */; };
		FC18EE19294F3723006589A0 /* ViewController.swift in Sources */ = {isa = PBXBuildFile; fileRef = FC18EE18294F3723006589A0 /* ViewController.swift */; };
		FC18EE1C294F3723006589A0 /* Main.storyboard in Resources */ = {isa = PBXBuildFile; fileRef = FC18EE1A294F3723006589A0 /* Main.storyboard */; };
		FC18EE1E294F3725006589A0 /* Assets.xcassets in Resources */ = {isa = PBXBuildFile; fileRef = FC18EE1D294F3725006589A0 /* Assets.xcassets */; };
		FC18EE21294F3725006589A0 /* LaunchScreen.storyboard in Resources */ = {isa = PBXBuildFile; fileRef = FC18EE1F294F3725006589A0 /* LaunchScreen.storyboard */; };
		FC18EE29294F3827006589A0 /* Crypto.swift in Sources */ = {isa = PBXBuildFile; fileRef = FC18EE28294F3827006589A0 /* Crypto.swift */; };
		FC18EE2B294F3880006589A0 /* Webservice.swift in Sources */ = {isa = PBXBuildFile; fileRef = FC18EE2A294F3880006589A0 /* Webservice.swift */; };
		FC18EE2D294F38ED006589A0 /* CryptoViewModel.swift in Sources */ = {isa = PBXBuildFile; fileRef = FC18EE2C294F38ED006589A0 /* CryptoViewModel.swift */; };
		FC18EE2F294F4282006589A0 /* CryptoTableViewCell.swift in Sources */ = {isa = PBXBuildFile; fileRef = FC18EE2E294F4282006589A0 /* CryptoTableViewCell.swift */; };
/* End PBXBuildFile section */

/* Begin PBXFileReference section */
		0F2CB5709EF7CA297D6E7C88 /* Pods-CryptoRxSwift.debug.xcconfig */ = {isa = PBXFileReference; includeInIndex = 1; lastKnownFileType = text.xcconfig; name = "Pods-CryptoRxSwift.debug.xcconfig"; path = "Target Support Files/Pods-CryptoRxSwift/Pods-CryptoRxSwift.debug.xcconfig"; sourceTree = "<group>"; };
		3601974CCC7E8AD0C40BD9FA /* Pods-CryptoRxSwift.release.xcconfig */ = {isa = PBXFileReference; includeInIndex = 1; lastKnownFileType = text.xcconfig; name = "Pods-CryptoRxSwift.release.xcconfig"; path = "Target Support Files/Pods-CryptoRxSwift/Pods-CryptoRxSwift.release.xcconfig"; sourceTree = "<group>"; };
		3607B50FFC645EEA5F84F597 /* Pods_CryptoRxSwift.framework */ = {isa = PBXFileReference; explicitFileType = wrapper.framework; includeInIndex = 0; path = Pods_CryptoRxSwift.framework; sourceTree = BUILT_PRODUCTS_DIR; };
		FC18EE11294F3723006589A0 /* CryptoRxSwift.app */ = {isa = PBXFileReference; explicitFileType = wrapper.application; includeInIndex = 0; path = CryptoRxSwift.app; sourceTree = BUILT_PRODUCTS_DIR; };
		FC18EE14294F3723006589A0 /* AppDelegate.swift */ = {isa = PBXFileReference; lastKnownFileType = sourcecode.swift; path = AppDelegate.swift; sourceTree = "<group>"; };
		FC18EE16294F3723006589A0 /* SceneDelegate.swift */ = {isa = PBXFileReference; lastKnownFileType = sourcecode.swift; path = SceneDelegate.swift; sourceTree = "<group>"; };
		FC18EE18294F3723006589A0 /* ViewController.swift */ = {isa = PBXFileReference; lastKnownFileType = sourcecode.swift; path = ViewController.swift; sourceTree = "<group>"; };
		FC18EE1B294F3723006589A0 /* Base */ = {isa = PBXFileReference; lastKnownFileType = file.storyboard; name = Base; path = Base.lproj/Main.storyboard; sourceTree = "<group>"; };
		FC18EE1D294F3725006589A0 /* Assets.xcassets */ = {isa = PBXFileReference; lastKnownFileType = folder.assetcatalog; path = Assets.xcassets; sourceTree = "<group>"; };
		FC18EE20294F3725006589A0 /* Base */ = {isa = PBXFileReference; lastKnownFileType = file.storyboard; name = Base; path = Base.lproj/LaunchScreen.storyboard; sourceTree = "<group>"; };
		FC18EE22294F3725006589A0 /* Info.plist */ = {isa = PBXFileReference; lastKnownFileType = text.plist.xml; path = Info.plist; sourceTree = "<group>"; };
		FC18EE28294F3827006589A0 /* Crypto.swift */ = {isa = PBXFileReference; lastKnownFileType = sourcecode.swift; path = Crypto.swift; sourceTree = "<group>"; };
		FC18EE2A294F3880006589A0 /* Webservice.swift */ = {isa = PBXFileReference; lastKnownFileType = sourcecode.swift; path = Webservice.swift; sourceTree = "<group>"; };
		FC18EE2C294F38ED006589A0 /* CryptoViewModel.swift */ = {isa = PBXFileReference; lastKnownFileType = sourcecode.swift; path = CryptoViewModel.swift; sourceTree = "<group>"; };
		FC18EE2E294F4282006589A0 /* CryptoTableViewCell.swift */ = {isa = PBXFileReference; lastKnownFileType = sourcecode.swift; path = CryptoTableViewCell.swift; sourceTree = "<group>"; };
/* End PBXFileReference section */

/* Begin PBXFrameworksBuildPhase section */
		FC18EE0E294F3723006589A0 /* Frameworks */ = {
			isa = PBXFrameworksBuildPhase;
			buildActionMask = 2147483647;
			files = (
				7B6EB2E3893E8A2A94128E96 /* Pods_CryptoRxSwift.framework in Frameworks */,
			);
			runOnlyForDeploymentPostprocessing = 0;
		};
/* End PBXFrameworksBuildPhase section */

/* Begin PBXGroup section */
		4AFD2715F83000D7E0EE1F9E /* Frameworks */ = {
			isa = PBXGroup;
			children = (
				3607B50FFC645EEA5F84F597 /* Pods_CryptoRxSwift.framework */,
			);
			name = Frameworks;
			sourceTree = "<group>";
		};
		5B6705A2ABE46449CEB344C7 /* Pods */ = {
			isa = PBXGroup;
			children = (
				0F2CB5709EF7CA297D6E7C88 /* Pods-CryptoRxSwift.debug.xcconfig */,
				3601974CCC7E8AD0C40BD9FA /* Pods-CryptoRxSwift.release.xcconfig */,
			);
			path = Pods;
			sourceTree = "<group>";
		};
		FC18EE08294F3723006589A0 = {
			isa = PBXGroup;
			children = (
				FC18EE13294F3723006589A0 /* CryptoRxSwift */,
				FC18EE12294F3723006589A0 /* Products */,
				5B6705A2ABE46449CEB344C7 /* Pods */,
				4AFD2715F83000D7E0EE1F9E /* Frameworks */,
			);
			sourceTree = "<group>";
		};
		FC18EE12294F3723006589A0 /* Products */ = {
			isa = PBXGroup;
			children = (
				FC18EE11294F3723006589A0 /* CryptoRxSwift.app */,
			);
			name = Products;
			sourceTree = "<group>";
		};
		FC18EE13294F3723006589A0 /* CryptoRxSwift */ = {
			isa = PBXGroup;
			children = (
				FC18EE33294F6650006589A0 /* Service */,
				FC18EE32294F6648006589A0 /* ViewModel */,
				FC18EE31294F6643006589A0 /* Model */,
				FC18EE30294F6633006589A0 /* Vİew */,
				FC18EE1A294F3723006589A0 /* Main.storyboard */,
				FC18EE1D294F3725006589A0 /* Assets.xcassets */,
				FC18EE1F294F3725006589A0 /* LaunchScreen.storyboard */,
				FC18EE22294F3725006589A0 /* Info.plist */,
			);
			path = CryptoRxSwift;
			sourceTree = "<group>";
		};
		FC18EE30294F6633006589A0 /* Vİew */ = {
			isa = PBXGroup;
			children = (
				FC18EE14294F3723006589A0 /* AppDelegate.swift */,
				FC18EE16294F3723006589A0 /* SceneDelegate.swift */,
				FC18EE18294F3723006589A0 /* ViewController.swift */,
				FC18EE2E294F4282006589A0 /* CryptoTableViewCell.swift */,
			);
			name = "Vİew";
			path = "Vİew";
			sourceTree = "<group>";
		};
		FC18EE31294F6643006589A0 /* Model */ = {
			isa = PBXGroup;
			children = (
				FC18EE28294F3827006589A0 /* Crypto.swift */,
			);
			path = Model;
			sourceTree = "<group>";
		};
		FC18EE32294F6648006589A0 /* ViewModel */ = {
			isa = PBXGroup;
			children = (
				FC18EE2C294F38ED006589A0 /* CryptoViewModel.swift */,
			);
			path = ViewModel;
			sourceTree = "<group>";
		};
		FC18EE33294F6650006589A0 /* Service */ = {
			isa = PBXGroup;
			children = (
				FC18EE2A294F3880006589A0 /* Webservice.swift */,
			);
			path = Service;
			sourceTree = "<group>";
		};
/* End PBXGroup section */

/* Begin PBXNativeTarget section */
		FC18EE10294F3723006589A0 /* CryptoRxSwift */ = {
			isa = PBXNativeTarget;
			buildConfigurationList = FC18EE25294F3725006589A0 /* Build configuration list for PBXNativeTarget "CryptoRxSwift" */;
			buildPhases = (
				F0FC039C9AFA17558379E854 /* [CP] Check Pods Manifest.lock */,
				FC18EE0D294F3723006589A0 /* Sources */,
				FC18EE0E294F3723006589A0 /* Frameworks */,
				FC18EE0F294F3723006589A0 /* Resources */,
				B4DC81FAB4BF861E4C483BEC /* [CP] Embed Pods Frameworks */,
			);
			buildRules = (
			);
			dependencies = (
			);
			name = CryptoRxSwift;
			productName = CryptoRxSwift;
			productReference = FC18EE11294F3723006589A0 /* CryptoRxSwift.app */;
			productType = "com.apple.product-type.application";
		};
/* End PBXNativeTarget section */

/* Begin PBXProject section */
		FC18EE09294F3723006589A0 /* Project object */ = {
			isa = PBXProject;
			attributes = {
				BuildIndependentTargetsInParallel = 1;
				LastSwiftUpdateCheck = 1420;
				LastUpgradeCheck = 1420;
				TargetAttributes = {
					FC18EE10294F3723006589A0 = {
						CreatedOnToolsVersion = 14.2;
					};
				};
			};
			buildConfigurationList = FC18EE0C294F3723006589A0 /* Build configuration list for PBXProject "CryptoRxSwift" */;
			compatibilityVersion = "Xcode 14.0";
			developmentRegion = en;
			hasScannedForEncodings = 0;
			knownRegions = (
				en,
				Base,
			);
			mainGroup = FC18EE08294F3723006589A0;
			productRefGroup = FC18EE12294F3723006589A0 /* Products */;
			projectDirPath = "";
			projectRoot = "";
			targets = (
				FC18EE10294F3723006589A0 /* CryptoRxSwift */,
			);
		};
/* End PBXProject section */

/* Begin PBXResourcesBuildPhase section */
		FC18EE0F294F3723006589A0 /* Resources */ = {
			isa = PBXResourcesBuildPhase;
			buildActionMask = 2147483647;
			files = (
				FC18EE21294F3725006589A0 /* LaunchScreen.storyboard in Resources */,
				FC18EE1E294F3725006589A0 /* Assets.xcassets in Resources */,
				FC18EE1C294F3723006589A0 /* Main.storyboard in Resources */,
			);
			runOnlyForDeploymentPostprocessing = 0;
		};
/* End PBXResourcesBuildPhase section */

/* Begin PBXShellScriptBuildPhase section */
		B4DC81FAB4BF861E4C483BEC /* [CP] Embed Pods Frameworks */ = {
			isa = PBXShellScriptBuildPhase;
			buildActionMask = 2147483647;
			files = (
			);
			inputFileListPaths = (
				"${PODS_ROOT}/Target Support Files/Pods-CryptoRxSwift/Pods-CryptoRxSwift-frameworks-${CONFIGURATION}-input-files.xcfilelist",
			);
			name = "[CP] Embed Pods Frameworks";
			outputFileListPaths = (
				"${PODS_ROOT}/Target Support Files/Pods-CryptoRxSwift/Pods-CryptoRxSwift-frameworks-${CONFIGURATION}-output-files.xcfilelist",
			);
			runOnlyForDeploymentPostprocessing = 0;
			shellPath = /bin/sh;
			shellScript = "\"${PODS_ROOT}/Target Support Files/Pods-CryptoRxSwift/Pods-CryptoRxSwift-frameworks.sh\"\n";
			showEnvVarsInLog = 0;
		};
		F0FC039C9AFA17558379E854 /* [CP] Check Pods Manifest.lock */ = {
			isa = PBXShellScriptBuildPhase;
			buildActionMask = 2147483647;
			files = (
			);
			inputFileListPaths = (
			);
			inputPaths = (
				"${PODS_PODFILE_DIR_PATH}/Podfile.lock",
				"${PODS_ROOT}/Manifest.lock",
			);
			name = "[CP] Check Pods Manifest.lock";
			outputFileListPaths = (
			);
			outputPaths = (
				"$(DERIVED_FILE_DIR)/Pods-CryptoRxSwift-checkManifestLockResult.txt",
			);
			runOnlyForDeploymentPostprocessing = 0;
			shellPath = /bin/sh;
			shellScript = "diff \"${PODS_PODFILE_DIR_PATH}/Podfile.lock\" \"${PODS_ROOT}/Manifest.lock\" > /dev/null\nif [ $? != 0 ] ; then\n    # print error to STDERR\n    echo \"error: The sandbox is not in sync with the Podfile.lock. Run 'pod install' or update your CocoaPods installation.\" >&2\n    exit 1\nfi\n# This output is used by Xcode 'outputs' to avoid re-running this script phase.\necho \"SUCCESS\" > \"${SCRIPT_OUTPUT_FILE_0}\"\n";
			showEnvVarsInLog = 0;
		};
/* End PBXShellScriptBuildPhase section */

/* Begin PBXSourcesBuildPhase section */
		FC18EE0D294F3723006589A0 /* Sources */ = {
			isa = PBXSourcesBuildPhase;
			buildActionMask = 2147483647;
			files = (
				FC18EE29294F3827006589A0 /* Crypto.swift in Sources */,
				FC18EE19294F3723006589A0 /* ViewController.swift in Sources */,
				FC18EE15294F3723006589A0 /* AppDelegate.swift in Sources */,
				FC18EE2B294F3880006589A0 /* Webservice.swift in Sources */,
				FC18EE17294F3723006589A0 /* SceneDelegate.swift in Sources */,
				FC18EE2D294F38ED006589A0 /* CryptoViewModel.swift in Sources */,
				FC18EE2F294F4282006589A0 /* CryptoTableViewCell.swift in Sources */,
			);
			runOnlyForDeploymentPostprocessing = 0;
		};
/* End PBXSourcesBuildPhase section */

/* Begin PBXVariantGroup section */
		FC18EE1A294F3723006589A0 /* Main.storyboard */ = {
			isa = PBXVariantGroup;
			children = (
				FC18EE1B294F3723006589A0 /* Base */,
			);
			name = Main.storyboard;
			sourceTree = "<group>";
		};
		FC18EE1F294F3725006589A0 /* LaunchScreen.storyboard */ = {
			isa = PBXVariantGroup;
			children = (
				FC18EE20294F3725006589A0 /* Base */,
			);
			name = LaunchScreen.storyboard;
			sourceTree = "<group>";
		};
/* End PBXVariantGroup section */

/* Begin XCBuildConfiguration section */
		FC18EE23294F3725006589A0 /* Debug */ = {
			isa = XCBuildConfiguration;
			buildSettings = {
				ALWAYS_SEARCH_USER_PATHS = NO;
				CLANG_ANALYZER_NONNULL = YES;
				CLANG_ANALYZER_NUMBER_OBJECT_CONVERSION = YES_AGGRESSIVE;
				CLANG_CXX_LANGUAGE_STANDARD = "gnu++20";
				CLANG_ENABLE_MODULES = YES;
				CLANG_ENABLE_OBJC_ARC = YES;
				CLANG_ENABLE_OBJC_WEAK = YES;
				CLANG_WARN_BLOCK_CAPTURE_AUTORELEASING = YES;
				CLANG_WARN_BOOL_CONVERSION = YES;
				CLANG_WARN_COMMA = YES;
				CLANG_WARN_CONSTANT_CONVERSION = YES;
				CLANG_WARN_DEPRECATED_OBJC_IMPLEMENTATIONS = YES;
				CLANG_WARN_DIRECT_OBJC_ISA_USAGE = YES_ERROR;
				CLANG_WARN_DOCUMENTATION_COMMENTS = YES;
				CLANG_WARN_EMPTY_BODY = YES;
				CLANG_WARN_ENUM_CONVERSION = YES;
				CLANG_WARN_INFINITE_RECURSION = YES;
				CLANG_WARN_INT_CONVERSION = YES;
				CLANG_WARN_NON_LITERAL_NULL_CONVERSION = YES;
				CLANG_WARN_OBJC_IMPLICIT_RETAIN_SELF = YES;
				CLANG_WARN_OBJC_LITERAL_CONVERSION = YES;
				CLANG_WARN_OBJC_ROOT_CLASS = YES_ERROR;
				CLANG_WARN_QUOTED_INCLUDE_IN_FRAMEWORK_HEADER = YES;
				CLANG_WARN_RANGE_LOOP_ANALYSIS = YES;
				CLANG_WARN_STRICT_PROTOTYPES = YES;
				CLANG_WARN_SUSPICIOUS_MOVE = YES;
				CLANG_WARN_UNGUARDED_AVAILABILITY = YES_AGGRESSIVE;
				CLANG_WARN_UNREACHABLE_CODE = YES;
				CLANG_WARN__DUPLICATE_METHOD_MATCH = YES;
				COPY_PHASE_STRIP = NO;
				DEBUG_INFORMATION_FORMAT = dwarf;
				ENABLE_STRICT_OBJC_MSGSEND = YES;
				ENABLE_TESTABILITY = YES;
				GCC_C_LANGUAGE_STANDARD = gnu11;
				GCC_DYNAMIC_NO_PIC = NO;
				GCC_NO_COMMON_BLOCKS = YES;
				GCC_OPTIMIZATION_LEVEL = 0;
				GCC_PREPROCESSOR_DEFINITIONS = (
					"DEBUG=1",
					"$(inherited)",
				);
				GCC_WARN_64_TO_32_BIT_CONVERSION = YES;
				GCC_WARN_ABOUT_RETURN_TYPE = YES_ERROR;
				GCC_WARN_UNDECLARED_SELECTOR = YES;
				GCC_WARN_UNINITIALIZED_AUTOS = YES_AGGRESSIVE;
				GCC_WARN_UNUSED_FUNCTION = YES;
				GCC_WARN_UNUSED_VARIABLE = YES;
				IPHONEOS_DEPLOYMENT_TARGET = 16.2;
				MTL_ENABLE_DEBUG_INFO = INCLUDE_SOURCE;
				MTL_FAST_MATH = YES;
				ONLY_ACTIVE_ARCH = YES;
				SDKROOT = iphoneos;
				SWIFT_ACTIVE_COMPILATION_CONDITIONS = DEBUG;
				SWIFT_OPTIMIZATION_LEVEL = "-Onone";
			};
			name = Debug;
		};
		FC18EE24294F3725006589A0 /* Release */ = {
			isa = XCBuildConfiguration;
			buildSettings = {
				ALWAYS_SEARCH_USER_PATHS = NO;
				CLANG_ANALYZER_NONNULL = YES;
				CLANG_ANALYZER_NUMBER_OBJECT_CONVERSION = YES_AGGRESSIVE;
				CLANG_CXX_LANGUAGE_STANDARD = "gnu++20";
				CLANG_ENABLE_MODULES = YES;
				CLANG_ENABLE_OBJC_ARC = YES;
				CLANG_ENABLE_OBJC_WEAK = YES;
				CLANG_WARN_BLOCK_CAPTURE_AUTORELEASING = YES;
				CLANG_WARN_BOOL_CONVERSION = YES;
				CLANG_WARN_COMMA = YES;
				CLANG_WARN_CONSTANT_CONVERSION = YES;
				CLANG_WARN_DEPRECATED_OBJC_IMPLEMENTATIONS = YES;
				CLANG_WARN_DIRECT_OBJC_ISA_USAGE = YES_ERROR;
				CLANG_WARN_DOCUMENTATION_COMMENTS = YES;
				CLANG_WARN_EMPTY_BODY = YES;
				CLANG_WARN_ENUM_CONVERSION = YES;
				CLANG_WARN_INFINITE_RECURSION = YES;
				CLANG_WARN_INT_CONVERSION = YES;
				CLANG_WARN_NON_LITERAL_NULL_CONVERSION = YES;
				CLANG_WARN_OBJC_IMPLICIT_RETAIN_SELF = YES;
				CLANG_WARN_OBJC_LITERAL_CONVERSION = YES;
				CLANG_WARN_OBJC_ROOT_CLASS = YES_ERROR;
				CLANG_WARN_QUOTED_INCLUDE_IN_FRAMEWORK_HEADER = YES;
				CLANG_WARN_RANGE_LOOP_ANALYSIS = YES;
				CLANG_WARN_STRICT_PROTOTYPES = YES;
				CLANG_WARN_SUSPICIOUS_MOVE = YES;
				CLANG_WARN_UNGUARDED_AVAILABILITY = YES_AGGRESSIVE;
				CLANG_WARN_UNREACHABLE_CODE = YES;
				CLANG_WARN__DUPLICATE_METHOD_MATCH = YES;
				COPY_PHASE_STRIP = NO;
				DEBUG_INFORMATION_FORMAT = "dwarf-with-dsym";
				ENABLE_NS_ASSERTIONS = NO;
				ENABLE_STRICT_OBJC_MSGSEND = YES;
				GCC_C_LANGUAGE_STANDARD = gnu11;
				GCC_NO_COMMON_BLOCKS = YES;
				GCC_WARN_64_TO_32_BIT_CONVERSION = YES;
				GCC_WARN_ABOUT_RETURN_TYPE = YES_ERROR;
				GCC_WARN_UNDECLARED_SELECTOR = YES;
				GCC_WARN_UNINITIALIZED_AUTOS = YES_AGGRESSIVE;
				GCC_WARN_UNUSED_FUNCTION = YES;
				GCC_WARN_UNUSED_VARIABLE = YES;
				IPHONEOS_DEPLOYMENT_TARGET = 16.2;
				MTL_ENABLE_DEBUG_INFO = NO;
				MTL_FAST_MATH = YES;
				SDKROOT = iphoneos;
				SWIFT_COMPILATION_MODE = wholemodule;
				SWIFT_OPTIMIZATION_LEVEL = "-O";
				VALIDATE_PRODUCT = YES;
			};
			name = Release;
		};
		FC18EE26294F3725006589A0 /* Debug */ = {
			isa = XCBuildConfiguration;
			baseConfigurationReference = 0F2CB5709EF7CA297D6E7C88 /* Pods-CryptoRxSwift.debug.xcconfig */;
			buildSettings = {
				ASSETCATALOG_COMPILER_APPICON_NAME = AppIcon;
				ASSETCATALOG_COMPILER_GLOBAL_ACCENT_COLOR_NAME = AccentColor;
				CODE_SIGN_STYLE = Automatic;
				CURRENT_PROJECT_VERSION = 1;
				DEVELOPMENT_TEAM = 7SH627DBA4;
				GENERATE_INFOPLIST_FILE = YES;
				INFOPLIST_FILE = CryptoRxSwift/Info.plist;
				INFOPLIST_KEY_UIApplicationSupportsIndirectInputEvents = YES;
				INFOPLIST_KEY_UILaunchStoryboardName = LaunchScreen;
				INFOPLIST_KEY_UIMainStoryboardFile = Main;
				INFOPLIST_KEY_UISupportedInterfaceOrientations_iPad = "UIInterfaceOrientationPortrait UIInterfaceOrientationPortraitUpsideDown UIInterfaceOrientationLandscapeLeft UIInterfaceOrientationLandscapeRight";
				INFOPLIST_KEY_UISupportedInterfaceOrientations_iPhone = "UIInterfaceOrientationPortrait UIInterfaceOrientationLandscapeLeft UIInterfaceOrientationLandscapeRight";
				LD_RUNPATH_SEARCH_PATHS = (
					"$(inherited)",
					"@executable_path/Frameworks",
				);
				MARKETING_VERSION = 1.0;
				PRODUCT_BUNDLE_IDENTIFIER = com.atilsamancioglu.CryptoRxSwift;
				PRODUCT_NAME = "$(TARGET_NAME)";
				SWIFT_EMIT_LOC_STRINGS = YES;
				SWIFT_VERSION = 5.0;
				TARGETED_DEVICE_FAMILY = "1,2";
			};
			name = Debug;
		};
		FC18EE27294F3725006589A0 /* Release */ = {
			isa = XCBuildConfiguration;
			baseConfigurationReference = 3601974CCC7E8AD0C40BD9FA /* Pods-CryptoRxSwift.release.xcconfig */;
			buildSettings = {
				ASSETCATALOG_COMPILER_APPICON_NAME = AppIcon;
				ASSETCATALOG_COMPILER_GLOBAL_ACCENT_COLOR_NAME = AccentColor;
				CODE_SIGN_STYLE = Automatic;
				CURRENT_PROJECT_VERSION = 1;
				DEVELOPMENT_TEAM = 7SH627DBA4;
				GENERATE_INFOPLIST_FILE = YES;
				INFOPLIST_FILE = CryptoRxSwift/Info.plist;
				INFOPLIST_KEY_UIApplicationSupportsIndirectInputEvents = YES;
				INFOPLIST_KEY_UILaunchStoryboardName = LaunchScreen;
				INFOPLIST_KEY_UIMainStoryboardFile = Main;
				INFOPLIST_KEY_UISupportedInterfaceOrientations_iPad = "UIInterfaceOrientationPortrait UIInterfaceOrientationPortraitUpsideDown UIInterfaceOrientationLandscapeLeft UIInterfaceOrientationLandscapeRight";
				INFOPLIST_KEY_UISupportedInterfaceOrientations_iPhone = "UIInterfaceOrientationPortrait UIInterfaceOrientationLandscapeLeft UIInterfaceOrientationLandscapeRight";
				LD_RUNPATH_SEARCH_PATHS = (
					"$(inherited)",
					"@executable_path/Frameworks",
				);
				MARKETING_VERSION = 1.0;
				PRODUCT_BUNDLE_IDENTIFIER = com.atilsamancioglu.CryptoRxSwift;
				PRODUCT_NAME = "$(TARGET_NAME)";
				SWIFT_EMIT_LOC_STRINGS = YES;
				SWIFT_VERSION = 5.0;
				TARGETED_DEVICE_FAMILY = "1,2";
			};
			name = Release;
		};
/* End XCBuildConfiguration section */

/* Begin XCConfigurationList section */
		FC18EE0C294F3723006589A0 /* Build configuration list for PBXProject "CryptoRxSwift" */ = {
			isa = XCConfigurationList;
			buildConfigurations = (
				FC18EE23294F3725006589A0 /* Debug */,
				FC18EE24294F3725006589A0 /* Release */,
			);
			defaultConfigurationIsVisible = 0;
			defaultConfigurationName = Release;
		};
		FC18EE25294F3725006589A0 /* Build configuration list for PBXNativeTarget "CryptoRxSwift" */ = {
			isa = XCConfigurationList;
			buildConfigurations = (
				FC18EE26294F3725006589A0 /* Debug */,
				FC18EE27294F3725006589A0 /* Release */,
			);
			defaultConfigurationIsVisible = 0;
			defaultConfigurationName = Release;
		};
/* End XCConfigurationList section */
	};
	rootObject = FC18EE09294F3723006589A0 /* Project object */;
}
